// !$*UTF8*$!
{
	archiveVersion = 1;
	classes = {
	};
	objectVersion = 51;
	objects = {

/* Begin PBXBuildFile section */
		2B0730D5243DBC4C005DA7F0 /* GoogleService-Info.plist in Resources */ = {isa = PBXBuildFile; fileRef = 2B0730D4243DBC4C005DA7F0 /* GoogleService-Info.plist */; };
		2B5C96B9243A132700301D41 /* AppDelegate.swift in Sources */ = {isa = PBXBuildFile; fileRef = 2B5C96B8243A132700301D41 /* AppDelegate.swift */; };
		2B5C96BB243A132700301D41 /* SceneDelegate.swift in Sources */ = {isa = PBXBuildFile; fileRef = 2B5C96BA243A132700301D41 /* SceneDelegate.swift */; };
		2B5C96BD243A132700301D41 /* ViewController.swift in Sources */ = {isa = PBXBuildFile; fileRef = 2B5C96BC243A132700301D41 /* ViewController.swift */; };
		2B5C96C0243A132700301D41 /* Main.storyboard in Resources */ = {isa = PBXBuildFile; fileRef = 2B5C96BE243A132700301D41 /* Main.storyboard */; };
		2B5C96C2243A133000301D41 /* Assets.xcassets in Resources */ = {isa = PBXBuildFile; fileRef = 2B5C96C1243A133000301D41 /* Assets.xcassets */; };
		2B5C96C5243A133000301D41 /* LaunchScreen.storyboard in Resources */ = {isa = PBXBuildFile; fileRef = 2B5C96C3243A133000301D41 /* LaunchScreen.storyboard */; };
		2B5C96CD243A140F00301D41 /* SignupViewController.swift in Sources */ = {isa = PBXBuildFile; fileRef = 2B5C96CC243A140F00301D41 /* SignupViewController.swift */; };
		2B5C96CF243A141C00301D41 /* LoginViewController.swift in Sources */ = {isa = PBXBuildFile; fileRef = 2B5C96CE243A141C00301D41 /* LoginViewController.swift */; };
		2B5C96D1243A142600301D41 /* HomeViewController.swift in Sources */ = {isa = PBXBuildFile; fileRef = 2B5C96D0243A142600301D41 /* HomeViewController.swift */; };
		2B5C96D4243A1E3800301D41 /* Utilities.swift in Sources */ = {isa = PBXBuildFile; fileRef = 2B5C96D3243A1E3800301D41 /* Utilities.swift */; };
		2B768889243DF8BC00A77819 /* Constants.swift in Sources */ = {isa = PBXBuildFile; fileRef = 2B768888243DF8BC00A77819 /* Constants.swift */; };
		2B76888D243E275100A77819 /* bgvideo.mp4 in Resources */ = {isa = PBXBuildFile; fileRef = 2B76888C243E275100A77819 /* bgvideo.mp4 */; };
		2BEBE72E35F4CD966BFA50D6 /* Pods_CustomLoginDemo.framework in Frameworks */ = {isa = PBXBuildFile; fileRef = 566A0D6F488E0D83894A3305 /* Pods_CustomLoginDemo.framework */; };
/* End PBXBuildFile section */

/* Begin PBXFileReference section */
		023DE89D17930D0D14BCFA8F /* Pods-CustomLoginDemo.release.xcconfig */ = {isa = PBXFileReference; includeInIndex = 1; lastKnownFileType = text.xcconfig; name = "Pods-CustomLoginDemo.release.xcconfig"; path = "Target Support Files/Pods-CustomLoginDemo/Pods-CustomLoginDemo.release.xcconfig"; sourceTree = "<group>"; };
		2B0730D4243DBC4C005DA7F0 /* GoogleService-Info.plist */ = {isa = PBXFileReference; fileEncoding = 4; lastKnownFileType = text.plist.xml; path = "GoogleService-Info.plist"; sourceTree = "<group>"; };
		2B5C96B5243A132700301D41 /* CustomLoginDemo.app */ = {isa = PBXFileReference; explicitFileType = wrapper.application; includeInIndex = 0; path = CustomLoginDemo.app; sourceTree = BUILT_PRODUCTS_DIR; };
		2B5C96B8243A132700301D41 /* AppDelegate.swift */ = {isa = PBXFileReference; lastKnownFileType = sourcecode.swift; path = AppDelegate.swift; sourceTree = "<group>"; };
		2B5C96BA243A132700301D41 /* SceneDelegate.swift */ = {isa = PBXFileReference; lastKnownFileType = sourcecode.swift; path = SceneDelegate.swift; sourceTree = "<group>"; };
		2B5C96BC243A132700301D41 /* ViewController.swift */ = {isa = PBXFileReference; lastKnownFileType = sourcecode.swift; path = ViewController.swift; sourceTree = "<group>"; };
		2B5C96BF243A132700301D41 /* Base */ = {isa = PBXFileReference; lastKnownFileType = file.storyboard; name = Base; path = Base.lproj/Main.storyboard; sourceTree = "<group>"; };
		2B5C96C1243A133000301D41 /* Assets.xcassets */ = {isa = PBXFileReference; lastKnownFileType = folder.assetcatalog; path = Assets.xcassets; sourceTree = "<group>"; };
		2B5C96C4243A133000301D41 /* Base */ = {isa = PBXFileReference; lastKnownFileType = file.storyboard; name = Base; path = Base.lproj/LaunchScreen.storyboard; sourceTree = "<group>"; };
		2B5C96C6243A133000301D41 /* Info.plist */ = {isa = PBXFileReference; lastKnownFileType = text.plist.xml; path = Info.plist; sourceTree = "<group>"; };
		2B5C96CC243A140F00301D41 /* SignupViewController.swift */ = {isa = PBXFileReference; lastKnownFileType = sourcecode.swift; path = SignupViewController.swift; sourceTree = "<group>"; };
		2B5C96CE243A141C00301D41 /* LoginViewController.swift */ = {isa = PBXFileReference; lastKnownFileType = sourcecode.swift; path = LoginViewController.swift; sourceTree = "<group>"; };
		2B5C96D0243A142600301D41 /* HomeViewController.swift */ = {isa = PBXFileReference; lastKnownFileType = sourcecode.swift; path = HomeViewController.swift; sourceTree = "<group>"; };
		2B5C96D3243A1E3800301D41 /* Utilities.swift */ = {isa = PBXFileReference; fileEncoding = 4; lastKnownFileType = sourcecode.swift; path = Utilities.swift; sourceTree = "<group>"; };
		2B768888243DF8BC00A77819 /* Constants.swift */ = {isa = PBXFileReference; lastKnownFileType = sourcecode.swift; path = Constants.swift; sourceTree = "<group>"; };
		2B76888C243E275100A77819 /* bgvideo.mp4 */ = {isa = PBXFileReference; lastKnownFileType = file; path = bgvideo.mp4; sourceTree = "<group>"; };
		566A0D6F488E0D83894A3305 /* Pods_CustomLoginDemo.framework */ = {isa = PBXFileReference; explicitFileType = wrapper.framework; includeInIndex = 0; path = Pods_CustomLoginDemo.framework; sourceTree = BUILT_PRODUCTS_DIR; };
		F5175D84BFAD79BEA43EB1F0 /* Pods-CustomLoginDemo.debug.xcconfig */ = {isa = PBXFileReference; includeInIndex = 1; lastKnownFileType = text.xcconfig; name = "Pods-CustomLoginDemo.debug.xcconfig"; path = "Target Support Files/Pods-CustomLoginDemo/Pods-CustomLoginDemo.debug.xcconfig"; sourceTree = "<group>"; };
/* End PBXFileReference section */

/* Begin PBXFrameworksBuildPhase section */
		2B5C96B2243A132700301D41 /* Frameworks */ = {
			isa = PBXFrameworksBuildPhase;
			buildActionMask = 2147483647;
			files = (
				2BEBE72E35F4CD966BFA50D6 /* Pods_CustomLoginDemo.framework in Frameworks */,
			);
			runOnlyForDeploymentPostprocessing = 0;
		};
/* End PBXFrameworksBuildPhase section */

/* Begin PBXGroup section */
		2B5C96AC243A132700301D41 = {
			isa = PBXGroup;
			children = (
				2B5C96B7243A132700301D41 /* CustomLoginDemo */,
				2B5C96B6243A132700301D41 /* Products */,
				C5F6FA017FB3C5D7E0A7CD4E /* Pods */,
				6C643E11B99E940B41CB0B23 /* Frameworks */,
			);
			sourceTree = "<group>";
		};
		2B5C96B6243A132700301D41 /* Products */ = {
			isa = PBXGroup;
			children = (
				2B5C96B5243A132700301D41 /* CustomLoginDemo.app */,
			);
			name = Products;
			sourceTree = "<group>";
		};
		2B5C96B7243A132700301D41 /* CustomLoginDemo */ = {
			isa = PBXGroup;
			children = (
				2B76888A243E220500A77819 /* Media */,
				2B5C96B8243A132700301D41 /* AppDelegate.swift */,
				2B5C96BA243A132700301D41 /* SceneDelegate.swift */,
				2B5C96D5243A1E4600301D41 /* Helpers */,
				2B5C96D2243A143300301D41 /* ViewControllers */,
				2B5C96BE243A132700301D41 /* Main.storyboard */,
				2B5C96C1243A133000301D41 /* Assets.xcassets */,
				2B5C96C3243A133000301D41 /* LaunchScreen.storyboard */,
				2B0730D4243DBC4C005DA7F0 /* GoogleService-Info.plist */,
				2B5C96C6243A133000301D41 /* Info.plist */,
			);
			path = CustomLoginDemo;
			sourceTree = "<group>";
		};
		2B5C96D2243A143300301D41 /* ViewControllers */ = {
			isa = PBXGroup;
			children = (
				2B5C96BC243A132700301D41 /* ViewController.swift */,
				2B5C96CC243A140F00301D41 /* SignupViewController.swift */,
				2B5C96CE243A141C00301D41 /* LoginViewController.swift */,
				2B5C96D0243A142600301D41 /* HomeViewController.swift */,
			);
			path = ViewControllers;
			sourceTree = "<group>";
		};
		2B5C96D5243A1E4600301D41 /* Helpers */ = {
			isa = PBXGroup;
			children = (
				2B5C96D3243A1E3800301D41 /* Utilities.swift */,
				2B768888243DF8BC00A77819 /* Constants.swift */,
			);
			path = Helpers;
			sourceTree = "<group>";
		};
		2B76888A243E220500A77819 /* Media */ = {
			isa = PBXGroup;
			children = (
				2B76888C243E275100A77819 /* bgvideo.mp4 */,
			);
			path = Media;
			sourceTree = "<group>";
		};
		6C643E11B99E940B41CB0B23 /* Frameworks */ = {
			isa = PBXGroup;
			children = (
				566A0D6F488E0D83894A3305 /* Pods_CustomLoginDemo.framework */,
			);
			name = Frameworks;
			sourceTree = "<group>";
		};
		C5F6FA017FB3C5D7E0A7CD4E /* Pods */ = {
			isa = PBXGroup;
			children = (
				F5175D84BFAD79BEA43EB1F0 /* Pods-CustomLoginDemo.debug.xcconfig */,
				023DE89D17930D0D14BCFA8F /* Pods-CustomLoginDemo.release.xcconfig */,
			);
			path = Pods;
			sourceTree = "<group>";
		};
/* End PBXGroup section */

/* Begin PBXNativeTarget section */
		2B5C96B4243A132700301D41 /* CustomLoginDemo */ = {
			isa = PBXNativeTarget;
			buildConfigurationList = 2B5C96C9243A133000301D41 /* Build configuration list for PBXNativeTarget "CustomLoginDemo" */;
			buildPhases = (
				3506FDED5AB66E9D595D17C9 /* [CP] Check Pods Manifest.lock */,
				2B5C96B1243A132700301D41 /* Sources */,
				2B5C96B2243A132700301D41 /* Frameworks */,
				2B5C96B3243A132700301D41 /* Resources */,
				D89ED7BBA1FD96E3F919C410 /* [CP] Embed Pods Frameworks */,
			);
			buildRules = (
			);
			dependencies = (
			);
			name = CustomLoginDemo;
			productName = CustomLoginDemo;
			productReference = 2B5C96B5243A132700301D41 /* CustomLoginDemo.app */;
			productType = "com.apple.product-type.application";
		};
/* End PBXNativeTarget section */

/* Begin PBXProject section */
		2B5C96AD243A132700301D41 /* Project object */ = {
			isa = PBXProject;
			attributes = {
				LastSwiftUpdateCheck = 1140;
				LastUpgradeCheck = 1140;
				ORGANIZATIONNAME = Edward;
				TargetAttributes = {
					2B5C96B4243A132700301D41 = {
						CreatedOnToolsVersion = 11.4;
					};
				};
			};
			buildConfigurationList = 2B5C96B0243A132700301D41 /* Build configuration list for PBXProject "CustomLoginDemo" */;
			compatibilityVersion = "Xcode 9.3";
			developmentRegion = en;
			hasScannedForEncodings = 0;
			knownRegions = (
				en,
				Base,
			);
			mainGroup = 2B5C96AC243A132700301D41;
			productRefGroup = 2B5C96B6243A132700301D41 /* Products */;
			projectDirPath = "";
			projectRoot = "";
			targets = (
				2B5C96B4243A132700301D41 /* CustomLoginDemo */,
			);
		};
/* End PBXProject section */

/* Begin PBXResourcesBuildPhase section */
		2B5C96B3243A132700301D41 /* Resources */ = {
			isa = PBXResourcesBuildPhase;
			buildActionMask = 2147483647;
			files = (
				2B5C96C5243A133000301D41 /* LaunchScreen.storyboard in Resources */,
				2B0730D5243DBC4C005DA7F0 /* GoogleService-Info.plist in Resources */,
				2B5C96C2243A133000301D41 /* Assets.xcassets in Resources */,
				2B76888D243E275100A77819 /* bgvideo.mp4 in Resources */,
				2B5C96C0243A132700301D41 /* Main.storyboard in Resources */,
			);
			runOnlyForDeploymentPostprocessing = 0;
		};
/* End PBXResourcesBuildPhase section */

/* Begin PBXShellScriptBuildPhase section */
		3506FDED5AB66E9D595D17C9 /* [CP] Check Pods Manifest.lock */ = {
			isa = PBXShellScriptBuildPhase;
			buildActionMask = 2147483647;
			files = (
			);
			inputFileListPaths = (
			);
			inputPaths = (
				"${PODS_PODFILE_DIR_PATH}/Podfile.lock",
				"${PODS_ROOT}/Manifest.lock",
			);
			name = "[CP] Check Pods Manifest.lock";
			outputFileListPaths = (
			);
			outputPaths = (
				"$(DERIVED_FILE_DIR)/Pods-CustomLoginDemo-checkManifestLockResult.txt",
			);
			runOnlyForDeploymentPostprocessing = 0;
			shellPath = /bin/sh;
			shellScript = "diff \"${PODS_PODFILE_DIR_PATH}/Podfile.lock\" \"${PODS_ROOT}/Manifest.lock\" > /dev/null\nif [ $? != 0 ] ; then\n    # print error to STDERR\n    echo \"error: The sandbox is not in sync with the Podfile.lock. Run 'pod install' or update your CocoaPods installation.\" >&2\n    exit 1\nfi\n# This output is used by Xcode 'outputs' to avoid re-running this script phase.\necho \"SUCCESS\" > \"${SCRIPT_OUTPUT_FILE_0}\"\n";
			showEnvVarsInLog = 0;
		};
		D89ED7BBA1FD96E3F919C410 /* [CP] Embed Pods Frameworks */ = {
			isa = PBXShellScriptBuildPhase;
			buildActionMask = 2147483647;
			files = (
			);
			inputFileListPaths = (
				"${PODS_ROOT}/Target Support Files/Pods-CustomLoginDemo/Pods-CustomLoginDemo-frameworks-${CONFIGURATION}-input-files.xcfilelist",
			);
			name = "[CP] Embed Pods Frameworks";
			outputFileListPaths = (
				"${PODS_ROOT}/Target Support Files/Pods-CustomLoginDemo/Pods-CustomLoginDemo-frameworks-${CONFIGURATION}-output-files.xcfilelist",
			);
			runOnlyForDeploymentPostprocessing = 0;
			shellPath = /bin/sh;
			shellScript = "\"${PODS_ROOT}/Target Support Files/Pods-CustomLoginDemo/Pods-CustomLoginDemo-frameworks.sh\"\n";
			showEnvVarsInLog = 0;
		};
/* End PBXShellScriptBuildPhase section */

/* Begin PBXSourcesBuildPhase section */
		2B5C96B1243A132700301D41 /* Sources */ = {
			isa = PBXSourcesBuildPhase;
			buildActionMask = 2147483647;
			files = (
				2B5C96BD243A132700301D41 /* ViewController.swift in Sources */,
				2B5C96B9243A132700301D41 /* AppDelegate.swift in Sources */,
				2B5C96D4243A1E3800301D41 /* Utilities.swift in Sources */,
				2B5C96CD243A140F00301D41 /* SignupViewController.swift in Sources */,
				2B5C96CF243A141C00301D41 /* LoginViewController.swift in Sources */,
				2B5C96BB243A132700301D41 /* SceneDelegate.swift in Sources */,
				2B5C96D1243A142600301D41 /* HomeViewController.swift in Sources */,
				2B768889243DF8BC00A77819 /* Constants.swift in Sources */,
			);
			runOnlyForDeploymentPostprocessing = 0;
		};
/* End PBXSourcesBuildPhase section */

/* Begin PBXVariantGroup section */
		2B5C96BE243A132700301D41 /* Main.storyboard */ = {
			isa = PBXVariantGroup;
			children = (
				2B5C96BF243A132700301D41 /* Base */,
			);
			name = Main.storyboard;
			sourceTree = "<group>";
		};
		2B5C96C3243A133000301D41 /* LaunchScreen.storyboard */ = {
			isa = PBXVariantGroup;
			children = (
				2B5C96C4243A133000301D41 /* Base */,
			);
			name = LaunchScreen.storyboard;
			sourceTree = "<group>";
		};
/* End PBXVariantGroup section */

/* Begin XCBuildConfiguration section */
		2B5C96C7243A133000301D41 /* Debug */ = {
			isa = XCBuildConfiguration;
			buildSettings = {
				ALWAYS_SEARCH_USER_PATHS = NO;
				CLANG_ANALYZER_NONNULL = YES;
				CLANG_ANALYZER_NUMBER_OBJECT_CONVERSION = YES_AGGRESSIVE;
				CLANG_CXX_LANGUAGE_STANDARD = "gnu++14";
				CLANG_CXX_LIBRARY = "libc++";
				CLANG_ENABLE_MODULES = YES;
				CLANG_ENABLE_OBJC_ARC = YES;
				CLANG_ENABLE_OBJC_WEAK = YES;
				CLANG_WARN_BLOCK_CAPTURE_AUTORELEASING = YES;
				CLANG_WARN_BOOL_CONVERSION = YES;
				CLANG_WARN_COMMA = YES;
				CLANG_WARN_CONSTANT_CONVERSION = YES;
				CLANG_WARN_DEPRECATED_OBJC_IMPLEMENTATIONS = YES;
				CLANG_WARN_DIRECT_OBJC_ISA_USAGE = YES_ERROR;
				CLANG_WARN_DOCUMENTATION_COMMENTS = YES;
				CLANG_WARN_EMPTY_BODY = YES;
				CLANG_WARN_ENUM_CONVERSION = YES;
				CLANG_WARN_INFINITE_RECURSION = YES;
				CLANG_WARN_INT_CONVERSION = YES;
				CLANG_WARN_NON_LITERAL_NULL_CONVERSION = YES;
				CLANG_WARN_OBJC_IMPLICIT_RETAIN_SELF = YES;
				CLANG_WARN_OBJC_LITERAL_CONVERSION = YES;
				CLANG_WARN_OBJC_ROOT_CLASS = YES_ERROR;
				CLANG_WARN_RANGE_LOOP_ANALYSIS = YES;
				CLANG_WARN_STRICT_PROTOTYPES = YES;
				CLANG_WARN_SUSPICIOUS_MOVE = YES;
				CLANG_WARN_UNGUARDED_AVAILABILITY = YES_AGGRESSIVE;
				CLANG_WARN_UNREACHABLE_CODE = YES;
				CLANG_WARN__DUPLICATE_METHOD_MATCH = YES;
				COPY_PHASE_STRIP = NO;
				DEBUG_INFORMATION_FORMAT = dwarf;
				ENABLE_STRICT_OBJC_MSGSEND = YES;
				ENABLE_TESTABILITY = YES;
				GCC_C_LANGUAGE_STANDARD = gnu11;
				GCC_DYNAMIC_NO_PIC = NO;
				GCC_NO_COMMON_BLOCKS = YES;
				GCC_OPTIMIZATION_LEVEL = 0;
				GCC_PREPROCESSOR_DEFINITIONS = (
					"DEBUG=1",
					"$(inherited)",
				);
				GCC_WARN_64_TO_32_BIT_CONVERSION = YES;
				GCC_WARN_ABOUT_RETURN_TYPE = YES_ERROR;
				GCC_WARN_UNDECLARED_SELECTOR = YES;
				GCC_WARN_UNINITIALIZED_AUTOS = YES_AGGRESSIVE;
				GCC_WARN_UNUSED_FUNCTION = YES;
				GCC_WARN_UNUSED_VARIABLE = YES;
				IPHONEOS_DEPLOYMENT_TARGET = 13.4;
				MTL_ENABLE_DEBUG_INFO = INCLUDE_SOURCE;
				MTL_FAST_MATH = YES;
				ONLY_ACTIVE_ARCH = YES;
				SDKROOT = iphoneos;
				SWIFT_ACTIVE_COMPILATION_CONDITIONS = DEBUG;
				SWIFT_OPTIMIZATION_LEVEL = "-Onone";
			};
			name = Debug;
		};
		2B5C96C8243A133000301D41 /* Release */ = {
			isa = XCBuildConfiguration;
			buildSettings = {
				ALWAYS_SEARCH_USER_PATHS = NO;
				CLANG_ANALYZER_NONNULL = YES;
				CLANG_ANALYZER_NUMBER_OBJECT_CONVERSION = YES_AGGRESSIVE;
				CLANG_CXX_LANGUAGE_STANDARD = "gnu++14";
				CLANG_CXX_LIBRARY = "libc++";
				CLANG_ENABLE_MODULES = YES;
				CLANG_ENABLE_OBJC_ARC = YES;
				CLANG_ENABLE_OBJC_WEAK = YES;
				CLANG_WARN_BLOCK_CAPTURE_AUTORELEASING = YES;
				CLANG_WARN_BOOL_CONVERSION = YES;
				CLANG_WARN_COMMA = YES;
				CLANG_WARN_CONSTANT_CONVERSION = YES;
				CLANG_WARN_DEPRECATED_OBJC_IMPLEMENTATIONS = YES;
				CLANG_WARN_DIRECT_OBJC_ISA_USAGE = YES_ERROR;
				CLANG_WARN_DOCUMENTATION_COMMENTS = YES;
				CLANG_WARN_EMPTY_BODY = YES;
				CLANG_WARN_ENUM_CONVERSION = YES;
				CLANG_WARN_INFINITE_RECURSION = YES;
				CLANG_WARN_INT_CONVERSION = YES;
				CLANG_WARN_NON_LITERAL_NULL_CONVERSION = YES;
				CLANG_WARN_OBJC_IMPLICIT_RETAIN_SELF = YES;
				CLANG_WARN_OBJC_LITERAL_CONVERSION = YES;
				CLANG_WARN_OBJC_ROOT_CLASS = YES_ERROR;
				CLANG_WARN_RANGE_LOOP_ANALYSIS = YES;
				CLANG_WARN_STRICT_PROTOTYPES = YES;
				CLANG_WARN_SUSPICIOUS_MOVE = YES;
				CLANG_WARN_UNGUARDED_AVAILABILITY = YES_AGGRESSIVE;
				CLANG_WARN_UNREACHABLE_CODE = YES;
				CLANG_WARN__DUPLICATE_METHOD_MATCH = YES;
				COPY_PHASE_STRIP = NO;
				DEBUG_INFORMATION_FORMAT = "dwarf-with-dsym";
				ENABLE_NS_ASSERTIONS = NO;
				ENABLE_STRICT_OBJC_MSGSEND = YES;
				GCC_C_LANGUAGE_STANDARD = gnu11;
				GCC_NO_COMMON_BLOCKS = YES;
				GCC_WARN_64_TO_32_BIT_CONVERSION = YES;
				GCC_WARN_ABOUT_RETURN_TYPE = YES_ERROR;
				GCC_WARN_UNDECLARED_SELECTOR = YES;
				GCC_WARN_UNINITIALIZED_AUTOS = YES_AGGRESSIVE;
				GCC_WARN_UNUSED_FUNCTION = YES;
				GCC_WARN_UNUSED_VARIABLE = YES;
				IPHONEOS_DEPLOYMENT_TARGET = 13.4;
				MTL_ENABLE_DEBUG_INFO = NO;
				MTL_FAST_MATH = YES;
				SDKROOT = iphoneos;
				SWIFT_COMPILATION_MODE = wholemodule;
				SWIFT_OPTIMIZATION_LEVEL = "-O";
				VALIDATE_PRODUCT = YES;
			};
			name = Release;
		};
		2B5C96CA243A133000301D41 /* Debug */ = {
			isa = XCBuildConfiguration;
			baseConfigurationReference = F5175D84BFAD79BEA43EB1F0 /* Pods-CustomLoginDemo.debug.xcconfig */;
			buildSettings = {
				ASSETCATALOG_COMPILER_APPICON_NAME = AppIcon;
				CODE_SIGN_STYLE = Automatic;
				DEVELOPMENT_TEAM = YDHH2FJ5MT;
				INFOPLIST_FILE = CustomLoginDemo/Info.plist;
				IPHONEOS_DEPLOYMENT_TARGET = 13.3;
				LD_RUNPATH_SEARCH_PATHS = (
					"$(inherited)",
					"@executable_path/Frameworks",
				);
				PRODUCT_BUNDLE_IDENTIFIER = com.invivo.CustomLoginDemo;
				PRODUCT_NAME = "$(TARGET_NAME)";
				SWIFT_VERSION = 5.0;
				TARGETED_DEVICE_FAMILY = "1,2";
			};
			name = Debug;
		};
		2B5C96CB243A133000301D41 /* Release */ = {
			isa = XCBuildConfiguration;
			baseConfigurationReference = 023DE89D17930D0D14BCFA8F /* Pods-CustomLoginDemo.release.xcconfig */;
			buildSettings = {
				ASSETCATALOG_COMPILER_APPICON_NAME = AppIcon;
				CODE_SIGN_STYLE = Automatic;
				DEVELOPMENT_TEAM = YDHH2FJ5MT;
				INFOPLIST_FILE = CustomLoginDemo/Info.plist;
				IPHONEOS_DEPLOYMENT_TARGET = 13.3;
				LD_RUNPATH_SEARCH_PATHS = (
					"$(inherited)",
					"@executable_path/Frameworks",
				);
				PRODUCT_BUNDLE_IDENTIFIER = com.invivo.CustomLoginDemo;
				PRODUCT_NAME = "$(TARGET_NAME)";
				SWIFT_VERSION = 5.0;
				TARGETED_DEVICE_FAMILY = "1,2";
			};
			name = Release;
		};
/* End XCBuildConfiguration section */

/* Begin XCConfigurationList section */
		2B5C96B0243A132700301D41 /* Build configuration list for PBXProject "CustomLoginDemo" */ = {
			isa = XCConfigurationList;
			buildConfigurations = (
				2B5C96C7243A133000301D41 /* Debug */,
				2B5C96C8243A133000301D41 /* Release */,
			);
			defaultConfigurationIsVisible = 0;
			defaultConfigurationName = Release;
		};
		2B5C96C9243A133000301D41 /* Build configuration list for PBXNativeTarget "CustomLoginDemo" */ = {
			isa = XCConfigurationList;
			buildConfigurations = (
				2B5C96CA243A133000301D41 /* Debug */,
				2B5C96CB243A133000301D41 /* Release */,
			);
			defaultConfigurationIsVisible = 0;
			defaultConfigurationName = Release;
		};
/* End XCConfigurationList section */
	};
	rootObject = 2B5C96AD243A132700301D41 /* Project object */;
}
